
Microsoft Visual Studio Solution File, Format Version 12.00
# Visual Studio Version 17
VisualStudioVersion = 17.14.36109.1
MinimumVisualStudioVersion = 10.0.40219.1
Project("{FAE04EC0-301F-11D3-BF4B-00C04F79EFBC}") = "DAL", "DAL\DAL.csproj", "{801F4F9D-AA21-46A6-90A2-6D5ACC058259}"
EndProject
Project("{FAE04EC0-301F-11D3-BF4B-00C04F79EFBC}") = "BLL", "BLL\BLL.csproj", "{97CB8962-5D0C-4079-B402-C8ED42C10430}"
EndProject
Project("{FAE04EC0-301F-11D3-BF4B-00C04F79EFBC}") = "WEB.MVC", "WEB.MVC\WEB.MVC.csproj", "{5F39F736-6B04-4082-BF94-C49195E59270}"
EndProject
Project("{FAE04EC0-301F-11D3-BF4B-00C04F79EFBC}") = "Models", "Models\Models.csproj", "{C42F5ABF-3444-4C06-A310-92769AE95338}"
EndProject
Project("{FAE04EC0-301F-11D3-BF4B-00C04F79EFBC}") = "APITast", "APITast\APITast.csproj", "{217AE2ED-1E8F-416F-B12F-A90100D23B99}"
EndProject
Project("{FAE04EC0-301F-11D3-BF4B-00C04F79EFBC}") = "TastBudRecipesMVC", "TastBudRecipesMVC\TastBudRecipesMVC.csproj", "{981DA600-D95E-47F8-A5A9-835D254AC18D}"
EndProject
Global
	GlobalSection(SolutionConfigurationPlatforms) = preSolution
		Debug|Any CPU = Debug|Any CPU
		Release|Any CPU = Release|Any CPU
	EndGlobalSection
	GlobalSection(ProjectConfigurationPlatforms) = postSolution
		{801F4F9D-AA21-46A6-90A2-6D5ACC058259}.Debug|Any CPU.ActiveCfg = Debug|Any CPU
		{801F4F9D-AA21-46A6-90A2-6D5ACC058259}.Debug|Any CPU.Build.0 = Debug|Any CPU
		{801F4F9D-AA21-46A6-90A2-6D5ACC058259}.Release|Any CPU.ActiveCfg = Release|Any CPU
		{801F4F9D-AA21-46A6-90A2-6D5ACC058259}.Release|Any CPU.Build.0 = Release|Any CPU
		{97CB8962-5D0C-4079-B402-C8ED42C10430}.Debug|Any CPU.ActiveCfg = Debug|Any CPU
		{97CB8962-5D0C-4079-B402-C8ED42C10430}.Debug|Any CPU.Build.0 = Debug|Any CPU
		{97CB8962-5D0C-4079-B402-C8ED42C10430}.Release|Any CPU.ActiveCfg = Release|Any CPU
		{97CB8962-5D0C-4079-B402-C8ED42C10430}.Release|Any CPU.Build.0 = Release|Any CPU
		{5F39F736-6B04-4082-BF94-C49195E59270}.Debug|Any CPU.ActiveCfg = Debug|Any CPU
		{5F39F736-6B04-4082-BF94-C49195E59270}.Debug|Any CPU.Build.0 = Debug|Any CPU
		{5F39F736-6B04-4082-BF94-C49195E59270}.Release|Any CPU.ActiveCfg = Release|Any CPU
		{5F39F736-6B04-4082-BF94-C49195E59270}.Release|Any CPU.Build.0 = Release|Any CPU
		{C42F5ABF-3444-4C06-A310-92769AE95338}.Debug|Any CPU.ActiveCfg = Debug|Any CPU
		{C42F5ABF-3444-4C06-A310-92769AE95338}.Debug|Any CPU.Build.0 = Debug|Any CPU
		{C42F5ABF-3444-4C06-A310-92769AE95338}.Release|Any CPU.ActiveCfg = Release|Any CPU
		{C42F5ABF-3444-4C06-A310-92769AE95338}.Release|Any CPU.Build.0 = Release|Any CPU
		{217AE2ED-1E8F-416F-B12F-A90100D23B99}.Debug|Any CPU.ActiveCfg = Debug|Any CPU
		{217AE2ED-1E8F-416F-B12F-A90100D23B99}.Debug|Any CPU.Build.0 = Debug|Any CPU
		{217AE2ED-1E8F-416F-B12F-A90100D23B99}.Release|Any CPU.ActiveCfg = Release|Any CPU
		{217AE2ED-1E8F-416F-B12F-A90100D23B99}.Release|Any CPU.Build.0 = Release|Any CPU
		{981DA600-D95E-47F8-A5A9-835D254AC18D}.Debug|Any CPU.ActiveCfg = Debug|Any CPU
		{981DA600-D95E-47F8-A5A9-835D254AC18D}.Debug|Any CPU.Build.0 = Debug|Any CPU
		{981DA600-D95E-47F8-A5A9-835D254AC18D}.Release|Any CPU.ActiveCfg = Release|Any CPU
		{981DA600-D95E-47F8-A5A9-835D254AC18D}.Release|Any CPU.Build.0 = Release|Any CPU
	EndGlobalSection
	GlobalSection(SolutionProperties) = preSolution
		HideSolutionNode = FALSE
	EndGlobalSection
	GlobalSection(ExtensibilityGlobals) = postSolution
		SolutionGuid = {927F36E6-3669-4E7B-9B8E-D1169F1A8026}
	EndGlobalSection
EndGlobal
